// !$*UTF8*$!
{
	archiveVersion = 1;
	classes = {
	};
	objectVersion = 46;
	objects = {

/* Begin PBXBuildFile section */
		3202F1EA17FE14CE00895829 /* Foundation.framework in Frameworks */ = {isa = PBXBuildFile; fileRef = 3202F1E917FE14CE00895829 /* Foundation.framework */; };
		3202F1EC17FE14CE00895829 /* CoreGraphics.framework in Frameworks */ = {isa = PBXBuildFile; fileRef = 3202F1EB17FE14CE00895829 /* CoreGraphics.framework */; };
		3202F1EE17FE14CE00895829 /* UIKit.framework in Frameworks */ = {isa = PBXBuildFile; fileRef = 3202F1ED17FE14CE00895829 /* UIKit.framework */; };
		3202F1F417FE14CE00895829 /* InfoPlist.strings in Resources */ = {isa = PBXBuildFile; fileRef = 3202F1F217FE14CE00895829 /* InfoPlist.strings */; };
		3202F1F617FE14CE00895829 /* main.m in Sources */ = {isa = PBXBuildFile; fileRef = 3202F1F517FE14CE00895829 /* main.m */; };
		3202F1FA17FE14CE00895829 /* AppDelegate.m in Sources */ = {isa = PBXBuildFile; fileRef = 3202F1F917FE14CE00895829 /* AppDelegate.m */; };
		3202F1FD17FE14CE00895829 /* Main.storyboard in Resources */ = {isa = PBXBuildFile; fileRef = 3202F1FB17FE14CE00895829 /* Main.storyboard */; };
		3202F20017FE14CE00895829 /* ViewController.m in Sources */ = {isa = PBXBuildFile; fileRef = 3202F1FF17FE14CE00895829 /* ViewController.m */; };
		3202F20217FE14CE00895829 /* Images.xcassets in Resources */ = {isa = PBXBuildFile; fileRef = 3202F20117FE14CE00895829 /* Images.xcassets */; };
		3202F20917FE14CE00895829 /* XCTest.framework in Frameworks */ = {isa = PBXBuildFile; fileRef = 3202F20817FE14CE00895829 /* XCTest.framework */; };
		3202F20A17FE14CE00895829 /* Foundation.framework in Frameworks */ = {isa = PBXBuildFile; fileRef = 3202F1E917FE14CE00895829 /* Foundation.framework */; };
		3202F20B17FE14CE00895829 /* UIKit.framework in Frameworks */ = {isa = PBXBuildFile; fileRef = 3202F1ED17FE14CE00895829 /* UIKit.framework */; };
		3202F24717FE576D00895829 /* SOTextField.m in Sources */ = {isa = PBXBuildFile; fileRef = 3202F24617FE576D00895829 /* SOTextField.m */; };
		3202F24917FE5AB500895829 /* logo1.png in Resources */ = {isa = PBXBuildFile; fileRef = 3202F24817FE5AB500895829 /* logo1.png */; };
		329F72ED180263EB005610DA /* AboutController.m in Sources */ = {isa = PBXBuildFile; fileRef = 329F72EC180263EB005610DA /* AboutController.m */; };
		329F72FF18032678005610DA /* Default-568h@2x.png in Resources */ = {isa = PBXBuildFile; fileRef = 329F72FE18032678005610DA /* Default-568h@2x.png */; };
		329F730918033462005610DA /* ic_launcher.png in Resources */ = {isa = PBXBuildFile; fileRef = 329F730318033462005610DA /* ic_launcher.png */; };
		329F730A18033462005610DA /* icon.png in Resources */ = {isa = PBXBuildFile; fileRef = 329F730418033462005610DA /* icon.png */; };
		329F730B18033462005610DA /* launchlogo.png in Resources */ = {isa = PBXBuildFile; fileRef = 329F730518033462005610DA /* launchlogo.png */; };
		329F730C18033462005610DA /* launchlogo2x.png in Resources */ = {isa = PBXBuildFile; fileRef = 329F730618033462005610DA /* launchlogo2x.png */; };
		329F730D18033462005610DA /* settings.png in Resources */ = {isa = PBXBuildFile; fileRef = 329F730718033462005610DA /* settings.png */; };
		329F730E18033462005610DA /* spotlight.png in Resources */ = {isa = PBXBuildFile; fileRef = 329F730818033462005610DA /* spotlight.png */; };
		329F731018033471005610DA /* icon@2x.png in Resources */ = {isa = PBXBuildFile; fileRef = 329F730F18033471005610DA /* icon@2x.png */; };
		329F7325180335BE005610DA /* AFHTTPRequestOperation.m in Sources */ = {isa = PBXBuildFile; fileRef = 329F7313180335BE005610DA /* AFHTTPRequestOperation.m */; };
		329F7326180335BE005610DA /* AFHTTPRequestOperationManager.m in Sources */ = {isa = PBXBuildFile; fileRef = 329F7315180335BE005610DA /* AFHTTPRequestOperationManager.m */; };
		329F7327180335BE005610DA /* AFHTTPSessionManager.m in Sources */ = {isa = PBXBuildFile; fileRef = 329F7317180335BE005610DA /* AFHTTPSessionManager.m */; };
		329F7328180335BE005610DA /* AFNetworkReachabilityManager.m in Sources */ = {isa = PBXBuildFile; fileRef = 329F731A180335BE005610DA /* AFNetworkReachabilityManager.m */; };
		329F7329180335BE005610DA /* AFSecurityPolicy.m in Sources */ = {isa = PBXBuildFile; fileRef = 329F731C180335BE005610DA /* AFSecurityPolicy.m */; };
		329F732A180335BE005610DA /* AFURLConnectionOperation.m in Sources */ = {isa = PBXBuildFile; fileRef = 329F731E180335BE005610DA /* AFURLConnectionOperation.m */; };
		329F732B180335BE005610DA /* AFURLRequestSerialization.m in Sources */ = {isa = PBXBuildFile; fileRef = 329F7320180335BE005610DA /* AFURLRequestSerialization.m */; };
		329F732C180335BE005610DA /* AFURLResponseSerialization.m in Sources */ = {isa = PBXBuildFile; fileRef = 329F7322180335BE005610DA /* AFURLResponseSerialization.m */; };
		329F732D180335BE005610DA /* AFURLSessionManager.m in Sources */ = {isa = PBXBuildFile; fileRef = 329F7324180335BE005610DA /* AFURLSessionManager.m */; };
		329F732F1803363E005610DA /* README.md in Resources */ = {isa = PBXBuildFile; fileRef = 329F732E1803363E005610DA /* README.md */; };
		32D4329E1800CCA500757983 /* MBProgressHUD.m in Sources */ = {isa = PBXBuildFile; fileRef = 32D4329D1800CCA500757983 /* MBProgressHUD.m */; };
		32D432A81800E98900757983 /* ClassGradeViewController.m in Sources */ = {isa = PBXBuildFile; fileRef = 32D432A71800E98900757983 /* ClassGradeViewController.m */; };
		32D432AC1801DD1100757983 /* IndividualGradeViewController.m in Sources */ = {isa = PBXBuildFile; fileRef = 32D432AB1801DD1100757983 /* IndividualGradeViewController.m */; };
		32D432AF180208A400757983 /* SettingsViewController.m in Sources */ = {isa = PBXBuildFile; fileRef = 32D432AE180208A400757983 /* SettingsViewController.m */; };
/* End PBXBuildFile section */

/* Begin PBXContainerItemProxy section */
		3202F20C17FE14CE00895829 /* PBXContainerItemProxy */ = {
			isa = PBXContainerItemProxy;
			containerPortal = 3202F1DE17FE14CE00895829 /* Project object */;
			proxyType = 1;
			remoteGlobalIDString = 3202F1E517FE14CE00895829;
			remoteInfo = claritygradebook;
		};
/* End PBXContainerItemProxy section */

/* Begin PBXFileReference section */
		3202F1E617FE14CE00895829 /* claritygradebook.app */ = {isa = PBXFileReference; explicitFileType = wrapper.application; includeInIndex = 0; path = claritygradebook.app; sourceTree = BUILT_PRODUCTS_DIR; };
		3202F1E917FE14CE00895829 /* Foundation.framework */ = {isa = PBXFileReference; lastKnownFileType = wrapper.framework; name = Foundation.framework; path = System/Library/Frameworks/Foundation.framework; sourceTree = SDKROOT; };
		3202F1EB17FE14CE00895829 /* CoreGraphics.framework */ = {isa = PBXFileReference; lastKnownFileType = wrapper.framework; name = CoreGraphics.framework; path = System/Library/Frameworks/CoreGraphics.framework; sourceTree = SDKROOT; };
		3202F1ED17FE14CE00895829 /* UIKit.framework */ = {isa = PBXFileReference; lastKnownFileType = wrapper.framework; name = UIKit.framework; path = System/Library/Frameworks/UIKit.framework; sourceTree = SDKROOT; };
		3202F1F117FE14CE00895829 /* claritygradebook-Info.plist */ = {isa = PBXFileReference; lastKnownFileType = text.plist.xml; path = "claritygradebook-Info.plist"; sourceTree = "<group>"; };
		3202F1F317FE14CE00895829 /* en */ = {isa = PBXFileReference; lastKnownFileType = text.plist.strings; name = en; path = en.lproj/InfoPlist.strings; sourceTree = "<group>"; };
		3202F1F517FE14CE00895829 /* main.m */ = {isa = PBXFileReference; lastKnownFileType = sourcecode.c.objc; path = main.m; sourceTree = "<group>"; };
		3202F1F717FE14CE00895829 /* claritygradebook-Prefix.pch */ = {isa = PBXFileReference; lastKnownFileType = sourcecode.c.h; path = "claritygradebook-Prefix.pch"; sourceTree = "<group>"; };
		3202F1F817FE14CE00895829 /* AppDelegate.h */ = {isa = PBXFileReference; lastKnownFileType = sourcecode.c.h; path = AppDelegate.h; sourceTree = "<group>"; };
		3202F1F917FE14CE00895829 /* AppDelegate.m */ = {isa = PBXFileReference; lastKnownFileType = sourcecode.c.objc; path = AppDelegate.m; sourceTree = "<group>"; };
		3202F1FC17FE14CE00895829 /* Base */ = {isa = PBXFileReference; lastKnownFileType = file.storyboard; name = Base; path = Base.lproj/Main.storyboard; sourceTree = "<group>"; };
		3202F1FE17FE14CE00895829 /* ViewController.h */ = {isa = PBXFileReference; lastKnownFileType = sourcecode.c.h; path = ViewController.h; sourceTree = "<group>"; };
		3202F1FF17FE14CE00895829 /* ViewController.m */ = {isa = PBXFileReference; lastKnownFileType = sourcecode.c.objc; path = ViewController.m; sourceTree = "<group>"; };
		3202F20117FE14CE00895829 /* Images.xcassets */ = {isa = PBXFileReference; lastKnownFileType = folder.assetcatalog; path = Images.xcassets; sourceTree = "<group>"; };
		3202F20717FE14CE00895829 /* claritygradebookTests.xctest */ = {isa = PBXFileReference; explicitFileType = wrapper.cfbundle; includeInIndex = 0; path = claritygradebookTests.xctest; sourceTree = BUILT_PRODUCTS_DIR; };
		3202F20817FE14CE00895829 /* XCTest.framework */ = {isa = PBXFileReference; lastKnownFileType = wrapper.framework; name = XCTest.framework; path = Library/Frameworks/XCTest.framework; sourceTree = DEVELOPER_DIR; };
		3202F24517FE576300895829 /* SOTextField.h */ = {isa = PBXFileReference; fileEncoding = 4; lastKnownFileType = sourcecode.c.h; path = SOTextField.h; sourceTree = "<group>"; };
		3202F24617FE576D00895829 /* SOTextField.m */ = {isa = PBXFileReference; fileEncoding = 4; lastKnownFileType = sourcecode.c.objc; path = SOTextField.m; sourceTree = "<group>"; };
		3202F24817FE5AB500895829 /* logo1.png */ = {isa = PBXFileReference; lastKnownFileType = image.png; path = logo1.png; sourceTree = "<group>"; };
		329F72EB180263EB005610DA /* AboutController.h */ = {isa = PBXFileReference; fileEncoding = 4; lastKnownFileType = sourcecode.c.h; path = AboutController.h; sourceTree = "<group>"; };
		329F72EC180263EB005610DA /* AboutController.m */ = {isa = PBXFileReference; fileEncoding = 4; lastKnownFileType = sourcecode.c.objc; path = AboutController.m; sourceTree = "<group>"; };
		329F72FE18032678005610DA /* Default-568h@2x.png */ = {isa = PBXFileReference; lastKnownFileType = image.png; path = "Default-568h@2x.png"; sourceTree = "<group>"; };
		329F730318033462005610DA /* ic_launcher.png */ = {isa = PBXFileReference; lastKnownFileType = image.png; path = ic_launcher.png; sourceTree = "<group>"; };
		329F730418033462005610DA /* icon.png */ = {isa = PBXFileReference; lastKnownFileType = image.png; path = icon.png; sourceTree = "<group>"; };
		329F730518033462005610DA /* launchlogo.png */ = {isa = PBXFileReference; lastKnownFileType = image.png; path = launchlogo.png; sourceTree = "<group>"; };
		329F730618033462005610DA /* launchlogo2x.png */ = {isa = PBXFileReference; lastKnownFileType = image.png; path = launchlogo2x.png; sourceTree = "<group>"; };
		329F730718033462005610DA /* settings.png */ = {isa = PBXFileReference; lastKnownFileType = image.png; path = settings.png; sourceTree = "<group>"; };
		329F730818033462005610DA /* spotlight.png */ = {isa = PBXFileReference; lastKnownFileType = image.png; path = spotlight.png; sourceTree = "<group>"; };
		329F730F18033471005610DA /* icon@2x.png */ = {isa = PBXFileReference; lastKnownFileType = image.png; path = "icon@2x.png"; sourceTree = "<group>"; };
		329F7312180335BE005610DA /* AFHTTPRequestOperation.h */ = {isa = PBXFileReference; fileEncoding = 4; lastKnownFileType = sourcecode.c.h; path = AFHTTPRequestOperation.h; sourceTree = "<group>"; };
		329F7313180335BE005610DA /* AFHTTPRequestOperation.m */ = {isa = PBXFileReference; fileEncoding = 4; lastKnownFileType = sourcecode.c.objc; path = AFHTTPRequestOperation.m; sourceTree = "<group>"; };
		329F7314180335BE005610DA /* AFHTTPRequestOperationManager.h */ = {isa = PBXFileReference; fileEncoding = 4; lastKnownFileType = sourcecode.c.h; path = AFHTTPRequestOperationManager.h; sourceTree = "<group>"; };
		329F7315180335BE005610DA /* AFHTTPRequestOperationManager.m */ = {isa = PBXFileReference; fileEncoding = 4; lastKnownFileType = sourcecode.c.objc; path = AFHTTPRequestOperationManager.m; sourceTree = "<group>"; };
		329F7316180335BE005610DA /* AFHTTPSessionManager.h */ = {isa = PBXFileReference; fileEncoding = 4; lastKnownFileType = sourcecode.c.h; path = AFHTTPSessionManager.h; sourceTree = "<group>"; };
		329F7317180335BE005610DA /* AFHTTPSessionManager.m */ = {isa = PBXFileReference; fileEncoding = 4; lastKnownFileType = sourcecode.c.objc; path = AFHTTPSessionManager.m; sourceTree = "<group>"; };
		329F7318180335BE005610DA /* AFNetworking.h */ = {isa = PBXFileReference; fileEncoding = 4; lastKnownFileType = sourcecode.c.h; path = AFNetworking.h; sourceTree = "<group>"; };
		329F7319180335BE005610DA /* AFNetworkReachabilityManager.h */ = {isa = PBXFileReference; fileEncoding = 4; lastKnownFileType = sourcecode.c.h; path = AFNetworkReachabilityManager.h; sourceTree = "<group>"; };
		329F731A180335BE005610DA /* AFNetworkReachabilityManager.m */ = {isa = PBXFileReference; fileEncoding = 4; lastKnownFileType = sourcecode.c.objc; path = AFNetworkReachabilityManager.m; sourceTree = "<group>"; };
		329F731B180335BE005610DA /* AFSecurityPolicy.h */ = {isa = PBXFileReference; fileEncoding = 4; lastKnownFileType = sourcecode.c.h; path = AFSecurityPolicy.h; sourceTree = "<group>"; };
		329F731C180335BE005610DA /* AFSecurityPolicy.m */ = {isa = PBXFileReference; fileEncoding = 4; lastKnownFileType = sourcecode.c.objc; path = AFSecurityPolicy.m; sourceTree = "<group>"; };
		329F731D180335BE005610DA /* AFURLConnectionOperation.h */ = {isa = PBXFileReference; fileEncoding = 4; lastKnownFileType = sourcecode.c.h; path = AFURLConnectionOperation.h; sourceTree = "<group>"; };
		329F731E180335BE005610DA /* AFURLConnectionOperation.m */ = {isa = PBXFileReference; fileEncoding = 4; lastKnownFileType = sourcecode.c.objc; path = AFURLConnectionOperation.m; sourceTree = "<group>"; };
		329F731F180335BE005610DA /* AFURLRequestSerialization.h */ = {isa = PBXFileReference; fileEncoding = 4; lastKnownFileType = sourcecode.c.h; path = AFURLRequestSerialization.h; sourceTree = "<group>"; };
		329F7320180335BE005610DA /* AFURLRequestSerialization.m */ = {isa = PBXFileReference; fileEncoding = 4; lastKnownFileType = sourcecode.c.objc; path = AFURLRequestSerialization.m; sourceTree = "<group>"; };
		329F7321180335BE005610DA /* AFURLResponseSerialization.h */ = {isa = PBXFileReference; fileEncoding = 4; lastKnownFileType = sourcecode.c.h; path = AFURLResponseSerialization.h; sourceTree = "<group>"; };
		329F7322180335BE005610DA /* AFURLResponseSerialization.m */ = {isa = PBXFileReference; fileEncoding = 4; lastKnownFileType = sourcecode.c.objc; path = AFURLResponseSerialization.m; sourceTree = "<group>"; };
		329F7323180335BE005610DA /* AFURLSessionManager.h */ = {isa = PBXFileReference; fileEncoding = 4; lastKnownFileType = sourcecode.c.h; path = AFURLSessionManager.h; sourceTree = "<group>"; };
		329F7324180335BE005610DA /* AFURLSessionManager.m */ = {isa = PBXFileReference; fileEncoding = 4; lastKnownFileType = sourcecode.c.objc; path = AFURLSessionManager.m; sourceTree = "<group>"; };
		329F732E1803363E005610DA /* README.md */ = {isa = PBXFileReference; fileEncoding = 4; lastKnownFileType = text; path = README.md; sourceTree = SOURCE_ROOT; };
		32D4329C1800CCA500757983 /* MBProgressHUD.h */ = {isa = PBXFileReference; fileEncoding = 4; lastKnownFileType = sourcecode.c.h; path = MBProgressHUD.h; sourceTree = "<group>"; };
		32D4329D1800CCA500757983 /* MBProgressHUD.m */ = {isa = PBXFileReference; fileEncoding = 4; lastKnownFileType = sourcecode.c.objc; path = MBProgressHUD.m; sourceTree = "<group>"; };
		32D432A71800E98900757983 /* ClassGradeViewController.m */ = {isa = PBXFileReference; fileEncoding = 4; lastKnownFileType = sourcecode.c.objc; path = ClassGradeViewController.m; sourceTree = "<group>"; };
		32D432A91800E99100757983 /* ClassGradeViewController.h */ = {isa = PBXFileReference; lastKnownFileType = sourcecode.c.h; path = ClassGradeViewController.h; sourceTree = "<group>"; };
		32D432AA1801DD1100757983 /* IndividualGradeViewController.h */ = {isa = PBXFileReference; fileEncoding = 4; lastKnownFileType = sourcecode.c.h; path = IndividualGradeViewController.h; sourceTree = "<group>"; };
		32D432AB1801DD1100757983 /* IndividualGradeViewController.m */ = {isa = PBXFileReference; fileEncoding = 4; lastKnownFileType = sourcecode.c.objc; path = IndividualGradeViewController.m; sourceTree = "<group>"; };
		32D432AD180208A400757983 /* SettingsViewController.h */ = {isa = PBXFileReference; fileEncoding = 4; lastKnownFileType = sourcecode.c.h; path = SettingsViewController.h; sourceTree = "<group>"; };
		32D432AE180208A400757983 /* SettingsViewController.m */ = {isa = PBXFileReference; fileEncoding = 4; lastKnownFileType = sourcecode.c.objc; path = SettingsViewController.m; sourceTree = "<group>"; };
/* End PBXFileReference section */

/* Begin PBXFrameworksBuildPhase section */
		3202F1E317FE14CE00895829 /* Frameworks */ = {
			isa = PBXFrameworksBuildPhase;
			buildActionMask = 2147483647;
			files = (
				3202F1EC17FE14CE00895829 /* CoreGraphics.framework in Frameworks */,
				3202F1EE17FE14CE00895829 /* UIKit.framework in Frameworks */,
				3202F1EA17FE14CE00895829 /* Foundation.framework in Frameworks */,
			);
			runOnlyForDeploymentPostprocessing = 0;
		};
		3202F20417FE14CE00895829 /* Frameworks */ = {
			isa = PBXFrameworksBuildPhase;
			buildActionMask = 2147483647;
			files = (
				3202F20917FE14CE00895829 /* XCTest.framework in Frameworks */,
				3202F20B17FE14CE00895829 /* UIKit.framework in Frameworks */,
				3202F20A17FE14CE00895829 /* Foundation.framework in Frameworks */,
			);
			runOnlyForDeploymentPostprocessing = 0;
		};
/* End PBXFrameworksBuildPhase section */

/* Begin PBXGroup section */
		3202F1DD17FE14CE00895829 = {
			isa = PBXGroup;
			children = (
				329F72FE18032678005610DA /* Default-568h@2x.png */,
				3202F1EF17FE14CE00895829 /* claritygradebook */,
				3202F1E817FE14CE00895829 /* Frameworks */,
				3202F1E717FE14CE00895829 /* Products */,
			);
			sourceTree = "<group>";
		};
		3202F1E717FE14CE00895829 /* Products */ = {
			isa = PBXGroup;
			children = (
				3202F1E617FE14CE00895829 /* claritygradebook.app */,
				3202F20717FE14CE00895829 /* claritygradebookTests.xctest */,
			);
			name = Products;
			sourceTree = "<group>";
		};
		3202F1E817FE14CE00895829 /* Frameworks */ = {
			isa = PBXGroup;
			children = (
				329F7311180335BE005610DA /* AFNetworking */,
				32D4329B1800CCA500757983 /* MBProgressHUD */,
				3202F1E917FE14CE00895829 /* Foundation.framework */,
				3202F1EB17FE14CE00895829 /* CoreGraphics.framework */,
				3202F1ED17FE14CE00895829 /* UIKit.framework */,
				3202F20817FE14CE00895829 /* XCTest.framework */,
			);
			name = Frameworks;
			sourceTree = "<group>";
		};
		3202F1EF17FE14CE00895829 /* claritygradebook */ = {
			isa = PBXGroup;
			children = (
				32D432A91800E99100757983 /* ClassGradeViewController.h */,
				32D432A71800E98900757983 /* ClassGradeViewController.m */,
				32D432AD180208A400757983 /* SettingsViewController.h */,
				32D432AE180208A400757983 /* SettingsViewController.m */,
				32D432AA1801DD1100757983 /* IndividualGradeViewController.h */,
				32D432AB1801DD1100757983 /* IndividualGradeViewController.m */,
				3202F24617FE576D00895829 /* SOTextField.m */,
				3202F24517FE576300895829 /* SOTextField.h */,
				3202F1F817FE14CE00895829 /* AppDelegate.h */,
				3202F1F917FE14CE00895829 /* AppDelegate.m */,
				3202F1FB17FE14CE00895829 /* Main.storyboard */,
				329F72EB180263EB005610DA /* AboutController.h */,
				329F72EC180263EB005610DA /* AboutController.m */,
				3202F1FE17FE14CE00895829 /* ViewController.h */,
				3202F1FF17FE14CE00895829 /* ViewController.m */,
				3202F20117FE14CE00895829 /* Images.xcassets */,
				3202F1F017FE14CE00895829 /* Supporting Files */,
			);
			path = claritygradebook;
			sourceTree = "<group>";
		};
		3202F1F017FE14CE00895829 /* Supporting Files */ = {
			isa = PBXGroup;
			children = (
				329F732E1803363E005610DA /* README.md */,
				329F730218033462005610DA /* img */,
				3202F24817FE5AB500895829 /* logo1.png */,
				3202F1F117FE14CE00895829 /* claritygradebook-Info.plist */,
				3202F1F217FE14CE00895829 /* InfoPlist.strings */,
				3202F1F517FE14CE00895829 /* main.m */,
				3202F1F717FE14CE00895829 /* claritygradebook-Prefix.pch */,
			);
			name = "Supporting Files";
			sourceTree = "<group>";
		};
		329F730218033462005610DA /* img */ = {
			isa = PBXGroup;
			children = (
				329F730F18033471005610DA /* icon@2x.png */,
				329F730318033462005610DA /* ic_launcher.png */,
				329F730418033462005610DA /* icon.png */,
				329F730518033462005610DA /* launchlogo.png */,
				329F730618033462005610DA /* launchlogo2x.png */,
				329F730718033462005610DA /* settings.png */,
				329F730818033462005610DA /* spotlight.png */,
			);
			path = img;
			sourceTree = "<group>";
		};
		329F7311180335BE005610DA /* AFNetworking */ = {
			isa = PBXGroup;
			children = (
				329F7312180335BE005610DA /* AFHTTPRequestOperation.h */,
				329F7313180335BE005610DA /* AFHTTPRequestOperation.m */,
				329F7314180335BE005610DA /* AFHTTPRequestOperationManager.h */,
				329F7315180335BE005610DA /* AFHTTPRequestOperationManager.m */,
				329F7316180335BE005610DA /* AFHTTPSessionManager.h */,
				329F7317180335BE005610DA /* AFHTTPSessionManager.m */,
				329F7318180335BE005610DA /* AFNetworking.h */,
				329F7319180335BE005610DA /* AFNetworkReachabilityManager.h */,
				329F731A180335BE005610DA /* AFNetworkReachabilityManager.m */,
				329F731B180335BE005610DA /* AFSecurityPolicy.h */,
				329F731C180335BE005610DA /* AFSecurityPolicy.m */,
				329F731D180335BE005610DA /* AFURLConnectionOperation.h */,
				329F731E180335BE005610DA /* AFURLConnectionOperation.m */,
				329F731F180335BE005610DA /* AFURLRequestSerialization.h */,
				329F7320180335BE005610DA /* AFURLRequestSerialization.m */,
				329F7321180335BE005610DA /* AFURLResponseSerialization.h */,
				329F7322180335BE005610DA /* AFURLResponseSerialization.m */,
				329F7323180335BE005610DA /* AFURLSessionManager.h */,
				329F7324180335BE005610DA /* AFURLSessionManager.m */,
			);
			path = AFNetworking;
			sourceTree = "<group>";
		};
		32D4329B1800CCA500757983 /* MBProgressHUD */ = {
			isa = PBXGroup;
			children = (
				32D4329C1800CCA500757983 /* MBProgressHUD.h */,
				32D4329D1800CCA500757983 /* MBProgressHUD.m */,
			);
			path = MBProgressHUD;
			sourceTree = "<group>";
		};
/* End PBXGroup section */

/* Begin PBXNativeTarget section */
		3202F1E517FE14CE00895829 /* claritygradebook */ = {
			isa = PBXNativeTarget;
			buildConfigurationList = 3202F21817FE14CE00895829 /* Build configuration list for PBXNativeTarget "claritygradebook" */;
			buildPhases = (
				3202F1E217FE14CE00895829 /* Sources */,
				3202F1E317FE14CE00895829 /* Frameworks */,
				3202F1E417FE14CE00895829 /* Resources */,
			);
			buildRules = (
			);
			dependencies = (
			);
			name = claritygradebook;
			productName = claritygradebook;
			productReference = 3202F1E617FE14CE00895829 /* claritygradebook.app */;
			productType = "com.apple.product-type.application";
		};
		3202F20617FE14CE00895829 /* claritygradebookTests */ = {
			isa = PBXNativeTarget;
			buildConfigurationList = 3202F21B17FE14CE00895829 /* Build configuration list for PBXNativeTarget "claritygradebookTests" */;
			buildPhases = (
				3202F20317FE14CE00895829 /* Sources */,
				3202F20417FE14CE00895829 /* Frameworks */,
				3202F20517FE14CE00895829 /* Resources */,
			);
			buildRules = (
			);
			dependencies = (
				3202F20D17FE14CE00895829 /* PBXTargetDependency */,
			);
			name = claritygradebookTests;
			productName = claritygradebookTests;
			productReference = 3202F20717FE14CE00895829 /* claritygradebookTests.xctest */;
			productType = "com.apple.product-type.bundle.unit-test";
		};
/* End PBXNativeTarget section */

/* Begin PBXProject section */
		3202F1DE17FE14CE00895829 /* Project object */ = {
			isa = PBXProject;
			attributes = {
				LastUpgradeCheck = 0500;
				ORGANIZATIONNAME = Fire30;
				TargetAttributes = {
					3202F20617FE14CE00895829 = {
						TestTargetID = 3202F1E517FE14CE00895829;
					};
				};
			};
			buildConfigurationList = 3202F1E117FE14CE00895829 /* Build configuration list for PBXProject "claritygradebook" */;
			compatibilityVersion = "Xcode 3.2";
			developmentRegion = English;
			hasScannedForEncodings = 0;
			knownRegions = (
				en,
				Base,
			);
			mainGroup = 3202F1DD17FE14CE00895829;
			productRefGroup = 3202F1E717FE14CE00895829 /* Products */;
			projectDirPath = "";
			projectRoot = "";
			targets = (
				3202F1E517FE14CE00895829 /* claritygradebook */,
				3202F20617FE14CE00895829 /* claritygradebookTests */,
			);
		};
/* End PBXProject section */

/* Begin PBXResourcesBuildPhase section */
		3202F1E417FE14CE00895829 /* Resources */ = {
			isa = PBXResourcesBuildPhase;
			buildActionMask = 2147483647;
			files = (
				3202F20217FE14CE00895829 /* Images.xcassets in Resources */,
				329F72FF18032678005610DA /* Default-568h@2x.png in Resources */,
				329F731018033471005610DA /* icon@2x.png in Resources */,
				3202F1F417FE14CE00895829 /* InfoPlist.strings in Resources */,
				329F732F1803363E005610DA /* README.md in Resources */,
				329F730D18033462005610DA /* settings.png in Resources */,
				3202F1FD17FE14CE00895829 /* Main.storyboard in Resources */,
				329F730A18033462005610DA /* icon.png in Resources */,
				3202F24917FE5AB500895829 /* logo1.png in Resources */,
				329F730918033462005610DA /* ic_launcher.png in Resources */,
				329F730B18033462005610DA /* launchlogo.png in Resources */,
				329F730E18033462005610DA /* spotlight.png in Resources */,
				329F730C18033462005610DA /* launchlogo2x.png in Resources */,
			);
			runOnlyForDeploymentPostprocessing = 0;
		};
		3202F20517FE14CE00895829 /* Resources */ = {
			isa = PBXResourcesBuildPhase;
			buildActionMask = 2147483647;
			files = (
			);
			runOnlyForDeploymentPostprocessing = 0;
		};
/* End PBXResourcesBuildPhase section */

/* Begin PBXSourcesBuildPhase section */
		3202F1E217FE14CE00895829 /* Sources */ = {
			isa = PBXSourcesBuildPhase;
			buildActionMask = 2147483647;
			files = (
				329F7329180335BE005610DA /* AFSecurityPolicy.m in Sources */,
				3202F20017FE14CE00895829 /* ViewController.m in Sources */,
				329F7328180335BE005610DA /* AFNetworkReachabilityManager.m in Sources */,
				32D432AC1801DD1100757983 /* IndividualGradeViewController.m in Sources */,
				329F732A180335BE005610DA /* AFURLConnectionOperation.m in Sources */,
				329F7325180335BE005610DA /* AFHTTPRequestOperation.m in Sources */,
				329F7327180335BE005610DA /* AFHTTPSessionManager.m in Sources */,
				329F732B180335BE005610DA /* AFURLRequestSerialization.m in Sources */,
				32D432A81800E98900757983 /* ClassGradeViewController.m in Sources */,
				329F732D180335BE005610DA /* AFURLSessionManager.m in Sources */,
				32D432AF180208A400757983 /* SettingsViewController.m in Sources */,
				329F7326180335BE005610DA /* AFHTTPRequestOperationManager.m in Sources */,
				329F72ED180263EB005610DA /* AboutController.m in Sources */,
				329F732C180335BE005610DA /* AFURLResponseSerialization.m in Sources */,
				3202F1FA17FE14CE00895829 /* AppDelegate.m in Sources */,
				3202F24717FE576D00895829 /* SOTextField.m in Sources */,
				3202F1F617FE14CE00895829 /* main.m in Sources */,
				32D4329E1800CCA500757983 /* MBProgressHUD.m in Sources */,
			);
			runOnlyForDeploymentPostprocessing = 0;
		};
		3202F20317FE14CE00895829 /* Sources */ = {
			isa = PBXSourcesBuildPhase;
			buildActionMask = 2147483647;
			files = (
			);
			runOnlyForDeploymentPostprocessing = 0;
		};
/* End PBXSourcesBuildPhase section */

/* Begin PBXTargetDependency section */
		3202F20D17FE14CE00895829 /* PBXTargetDependency */ = {
			isa = PBXTargetDependency;
			target = 3202F1E517FE14CE00895829 /* claritygradebook */;
			targetProxy = 3202F20C17FE14CE00895829 /* PBXContainerItemProxy */;
		};
/* End PBXTargetDependency section */

/* Begin PBXVariantGroup section */
		3202F1F217FE14CE00895829 /* InfoPlist.strings */ = {
			isa = PBXVariantGroup;
			children = (
				3202F1F317FE14CE00895829 /* en */,
			);
			name = InfoPlist.strings;
			sourceTree = "<group>";
		};
		3202F1FB17FE14CE00895829 /* Main.storyboard */ = {
			isa = PBXVariantGroup;
			children = (
				3202F1FC17FE14CE00895829 /* Base */,
			);
			name = Main.storyboard;
			sourceTree = "<group>";
		};
/* End PBXVariantGroup section */

/* Begin XCBuildConfiguration section */
		3202F21617FE14CE00895829 /* Debug */ = {
			isa = XCBuildConfiguration;
			buildSettings = {
				ALWAYS_SEARCH_USER_PATHS = NO;
				ARCHS = "$(ARCHS_STANDARD_INCLUDING_64_BIT)";
				CLANG_CXX_LANGUAGE_STANDARD = "gnu++0x";
				CLANG_CXX_LIBRARY = "libc++";
				CLANG_ENABLE_MODULES = YES;
				CLANG_ENABLE_OBJC_ARC = YES;
				CLANG_WARN_BOOL_CONVERSION = YES;
				CLANG_WARN_CONSTANT_CONVERSION = YES;
				CLANG_WARN_DIRECT_OBJC_ISA_USAGE = YES_ERROR;
				CLANG_WARN_EMPTY_BODY = YES;
				CLANG_WARN_ENUM_CONVERSION = YES;
				CLANG_WARN_INT_CONVERSION = YES;
				CLANG_WARN_OBJC_ROOT_CLASS = YES_ERROR;
				CLANG_WARN__DUPLICATE_METHOD_MATCH = YES;
				"CODE_SIGN_IDENTITY[sdk=iphoneos*]" = "iPhone Developer";
				COPY_PHASE_STRIP = NO;
				GCC_C_LANGUAGE_STANDARD = gnu99;
				GCC_DYNAMIC_NO_PIC = NO;
				GCC_OPTIMIZATION_LEVEL = 0;
				GCC_PREPROCESSOR_DEFINITIONS = (
					"DEBUG=1",
					"$(inherited)",
				);
				GCC_SYMBOLS_PRIVATE_EXTERN = NO;
				GCC_WARN_64_TO_32_BIT_CONVERSION = YES;
				GCC_WARN_ABOUT_RETURN_TYPE = YES_ERROR;
				GCC_WARN_UNDECLARED_SELECTOR = YES;
				GCC_WARN_UNINITIALIZED_AUTOS = YES;
				GCC_WARN_UNUSED_FUNCTION = YES;
				GCC_WARN_UNUSED_VARIABLE = YES;
				IPHONEOS_DEPLOYMENT_TARGET = 7.0;
				ONLY_ACTIVE_ARCH = YES;
				SDKROOT = iphoneos;
			};
			name = Debug;
		};
		3202F21717FE14CE00895829 /* Release */ = {
			isa = XCBuildConfiguration;
			buildSettings = {
				ALWAYS_SEARCH_USER_PATHS = NO;
				ARCHS = "$(ARCHS_STANDARD_INCLUDING_64_BIT)";
				CLANG_CXX_LANGUAGE_STANDARD = "gnu++0x";
				CLANG_CXX_LIBRARY = "libc++";
				CLANG_ENABLE_MODULES = YES;
				CLANG_ENABLE_OBJC_ARC = YES;
				CLANG_WARN_BOOL_CONVERSION = YES;
				CLANG_WARN_CONSTANT_CONVERSION = YES;
				CLANG_WARN_DIRECT_OBJC_ISA_USAGE = YES_ERROR;
				CLANG_WARN_EMPTY_BODY = YES;
				CLANG_WARN_ENUM_CONVERSION = YES;
				CLANG_WARN_INT_CONVERSION = YES;
				CLANG_WARN_OBJC_ROOT_CLASS = YES_ERROR;
				CLANG_WARN__DUPLICATE_METHOD_MATCH = YES;
				"CODE_SIGN_IDENTITY[sdk=iphoneos*]" = "iPhone Developer";
				COPY_PHASE_STRIP = YES;
				ENABLE_NS_ASSERTIONS = NO;
				GCC_C_LANGUAGE_STANDARD = gnu99;
				GCC_WARN_64_TO_32_BIT_CONVERSION = YES;
				GCC_WARN_ABOUT_RETURN_TYPE = YES_ERROR;
				GCC_WARN_UNDECLARED_SELECTOR = YES;
				GCC_WARN_UNINITIALIZED_AUTOS = YES;
				GCC_WARN_UNUSED_FUNCTION = YES;
				GCC_WARN_UNUSED_VARIABLE = YES;
				IPHONEOS_DEPLOYMENT_TARGET = 7.0;
				SDKROOT = iphoneos;
				VALIDATE_PRODUCT = YES;
			};
			name = Release;
		};
		3202F21917FE14CE00895829 /* Debug */ = {
			isa = XCBuildConfiguration;
			buildSettings = {
				CODE_SIGN_IDENTITY = "iPhone Developer";
				GCC_PRECOMPILE_PREFIX_HEADER = YES;
				GCC_PREFIX_HEADER = "claritygradebook/claritygradebook-Prefix.pch";
				HEADER_SEARCH_PATHS = (
					"\"${PODS_ROOT}/Headers\"/**",
					"\"${PODS_ROOT}/Headers/AFNetworking\"/**",
					"$(inherited)/**",
					"\"${PODS_ROOT}/BuildHeaders\"/**",
				);
				INFOPLIST_FILE = "claritygradebook/claritygradebook-Info.plist";
				PRODUCT_NAME = "$(TARGET_NAME)";
				TARGETED_DEVICE_FAMILY = 1;
				WRAPPER_EXTENSION = app;
				d = "";
			};
			name = Debug;
		};
		3202F21A17FE14CE00895829 /* Release */ = {
			isa = XCBuildConfiguration;
			buildSettings = {
				CODE_SIGN_IDENTITY = "iPhone Developer";
				GCC_PRECOMPILE_PREFIX_HEADER = YES;
				GCC_PREFIX_HEADER = "claritygradebook/claritygradebook-Prefix.pch";
				HEADER_SEARCH_PATHS = (
					"\"${PODS_ROOT}/Headers\"/**",
					"\"${PODS_ROOT}/Headers/AFNetworking\"/**",
					"$(inherited)/**",
					"\"${PODS_ROOT}/BuildHeaders\"/**",
				);
				INFOPLIST_FILE = "claritygradebook/claritygradebook-Info.plist";
				PRODUCT_NAME = "$(TARGET_NAME)";
				TARGETED_DEVICE_FAMILY = 1;
				WRAPPER_EXTENSION = app;
				d = "";
			};
			name = Release;
		};
		3202F21C17FE14CE00895829 /* Debug */ = {
			isa = XCBuildConfiguration;
			buildSettings = {
				ARCHS = "$(ARCHS_STANDARD_INCLUDING_64_BIT)";
				BUNDLE_LOADER = "$(BUILT_PRODUCTS_DIR)/claritygradebook.app/claritygradebook";
				FRAMEWORK_SEARCH_PATHS = (
					"$(SDKROOT)/Developer/Library/Frameworks",
					"$(inherited)",
					"$(DEVELOPER_FRAMEWORKS_DIR)",
				);
				GCC_PRECOMPILE_PREFIX_HEADER = YES;
				GCC_PREFIX_HEADER = "claritygradebook/claritygradebook-Prefix.pch";
				GCC_PREPROCESSOR_DEFINITIONS = (
					"DEBUG=1",
					"$(inherited)",
				);
				INFOPLIST_FILE = "claritygradebookTests/claritygradebookTests-Info.plist";
				PRODUCT_NAME = "$(TARGET_NAME)";
				TEST_HOST = "$(BUNDLE_LOADER)";
				WRAPPER_EXTENSION = xctest;
			};
			name = Debug;
		};
		3202F21D17FE14CE00895829 /* Release */ = {
			isa = XCBuildConfiguration;
			buildSettings = {
				ARCHS = "$(ARCHS_STANDARD_INCLUDING_64_BIT)";
				BUNDLE_LOADER = "$(BUILT_PRODUCTS_DIR)/claritygradebook.app/claritygradebook";
				FRAMEWORK_SEARCH_PATHS = (
					"$(SDKROOT)/Developer/Library/Frameworks",
					"$(inherited)",
					"$(DEVELOPER_FRAMEWORKS_DIR)",
				);
				GCC_PRECOMPILE_PREFIX_HEADER = YES;
				GCC_PREFIX_HEADER = "claritygradebook/claritygradebook-Prefix.pch";
				INFOPLIST_FILE = "claritygradebookTests/claritygradebookTests-Info.plist";
				PRODUCT_NAME = "$(TARGET_NAME)";
				TEST_HOST = "$(BUNDLE_LOADER)";
				WRAPPER_EXTENSION = xctest;
			};
			name = Release;
		};
/* End XCBuildConfiguration section */

/* Begin XCConfigurationList section */
		3202F1E117FE14CE00895829 /* Build configuration list for PBXProject "claritygradebook" */ = {
			isa = XCConfigurationList;
			buildConfigurations = (
				3202F21617FE14CE00895829 /* Debug */,
				3202F21717FE14CE00895829 /* Release */,
			);
			defaultConfigurationIsVisible = 0;
			defaultConfigurationName = Release;
		};
		3202F21817FE14CE00895829 /* Build configuration list for PBXNativeTarget "claritygradebook" */ = {
			isa = XCConfigurationList;
			buildConfigurations = (
				3202F21917FE14CE00895829 /* Debug */,
				3202F21A17FE14CE00895829 /* Release */,
			);
			defaultConfigurationIsVisible = 0;
			defaultConfigurationName = Release;
		};
		3202F21B17FE14CE00895829 /* Build configuration list for PBXNativeTarget "claritygradebookTests" */ = {
			isa = XCConfigurationList;
			buildConfigurations = (
				3202F21C17FE14CE00895829 /* Debug */,
				3202F21D17FE14CE00895829 /* Release */,
			);
			defaultConfigurationIsVisible = 0;
			defaultConfigurationName = Release;
		};
/* End XCConfigurationList section */
	};
	rootObject = 3202F1DE17FE14CE00895829 /* Project object */;
}
